
Microsoft Visual Studio Solution File, Format Version 12.00
# Visual Studio Version 17
VisualStudioVersion = 17.4.33110.190
MinimumVisualStudioVersion = 10.0.40219.1
Project("{9A19103F-16F7-4668-BE54-9A1E7A4F7556}") = "PiecykPolHurt.API", "PiecykPolHurt.API\PiecykPolHurt.API.csproj", "{3ADF9EE3-0974-4D32-8FDF-511EED6784F8}"
EndProject
Project("{9A19103F-16F7-4668-BE54-9A1E7A4F7556}") = "PiecykPolHurt.Model", "PiecykPolHurt.Model\PiecykPolHurt.Model.csproj", "{62A68466-0A06-430D-AC21-9A9F9FB2F8AF}"
EndProject
Project("{9A19103F-16F7-4668-BE54-9A1E7A4F7556}") = "PiecykPolHurt.DataLayer", "PiecykPolHurt.DataLayer\PiecykPolHurt.DataLayer.csproj", "{D87D2DE3-5272-451B-BD03-E906ECF1FACE}"
EndProject
Project("{9A19103F-16F7-4668-BE54-9A1E7A4F7556}") = "PiecykPolHurt.ApplicationLogic", "PiecykPolHurt.ApplicationLogic\PiecykPolHurt.ApplicationLogic.csproj", "{3FA7C37F-D304-4D37-A2B1-76B77520FC11}"
EndProject
Project("{9A19103F-16F7-4668-BE54-9A1E7A4F7556}") = "PiecykPolHurt.Mappings", "PiecykPolHurt.Mappings\PiecykPolHurt.Mappings.csproj", "{8BFD2CF0-6844-468E-A4E8-69B7A738E225}"
EndProject
Project("{FAE04EC0-301F-11D3-BF4B-00C04F79EFBC}") = "PiecykPolHurt.Validation", "PiecykPolHurt.Validation\PiecykPolHurt.Validation.csproj", "{16B9AC47-9D7D-41D7-9493-284320CE598A}"
EndProject
Project("{FAE04EC0-301F-11D3-BF4B-00C04F79EFBC}") = "PiecykPolHurt.DataImport", "PiecykPolHurt.DataImport\PiecykPolHurt.DataImport.csproj", "{14901632-F6E8-4778-B12F-0848CE9E6911}"
EndProject
Global
	GlobalSection(SolutionConfigurationPlatforms) = preSolution
		Debug|Any CPU = Debug|Any CPU
		Release|Any CPU = Release|Any CPU
	EndGlobalSection
	GlobalSection(ProjectConfigurationPlatforms) = postSolution
		{3ADF9EE3-0974-4D32-8FDF-511EED6784F8}.Debug|Any CPU.ActiveCfg = Debug|Any CPU
		{3ADF9EE3-0974-4D32-8FDF-511EED6784F8}.Debug|Any CPU.Build.0 = Debug|Any CPU
		{3ADF9EE3-0974-4D32-8FDF-511EED6784F8}.Release|Any CPU.ActiveCfg = Release|Any CPU
		{3ADF9EE3-0974-4D32-8FDF-511EED6784F8}.Release|Any CPU.Build.0 = Release|Any CPU
		{62A68466-0A06-430D-AC21-9A9F9FB2F8AF}.Debug|Any CPU.ActiveCfg = Debug|Any CPU
		{62A68466-0A06-430D-AC21-9A9F9FB2F8AF}.Debug|Any CPU.Build.0 = Debug|Any CPU
		{62A68466-0A06-430D-AC21-9A9F9FB2F8AF}.Release|Any CPU.ActiveCfg = Release|Any CPU
		{62A68466-0A06-430D-AC21-9A9F9FB2F8AF}.Release|Any CPU.Build.0 = Release|Any CPU
		{D87D2DE3-5272-451B-BD03-E906ECF1FACE}.Debug|Any CPU.ActiveCfg = Debug|Any CPU
		{D87D2DE3-5272-451B-BD03-E906ECF1FACE}.Debug|Any CPU.Build.0 = Debug|Any CPU
		{D87D2DE3-5272-451B-BD03-E906ECF1FACE}.Release|Any CPU.ActiveCfg = Release|Any CPU
		{D87D2DE3-5272-451B-BD03-E906ECF1FACE}.Release|Any CPU.Build.0 = Release|Any CPU
		{3FA7C37F-D304-4D37-A2B1-76B77520FC11}.Debug|Any CPU.ActiveCfg = Debug|Any CPU
		{3FA7C37F-D304-4D37-A2B1-76B77520FC11}.Debug|Any CPU.Build.0 = Debug|Any CPU
		{3FA7C37F-D304-4D37-A2B1-76B77520FC11}.Release|Any CPU.ActiveCfg = Release|Any CPU
		{3FA7C37F-D304-4D37-A2B1-76B77520FC11}.Release|Any CPU.Build.0 = Release|Any CPU
		{8BFD2CF0-6844-468E-A4E8-69B7A738E225}.Debug|Any CPU.ActiveCfg = Debug|Any CPU
		{8BFD2CF0-6844-468E-A4E8-69B7A738E225}.Debug|Any CPU.Build.0 = Debug|Any CPU
		{8BFD2CF0-6844-468E-A4E8-69B7A738E225}.Release|Any CPU.ActiveCfg = Release|Any CPU
		{8BFD2CF0-6844-468E-A4E8-69B7A738E225}.Release|Any CPU.Build.0 = Release|Any CPU
		{16B9AC47-9D7D-41D7-9493-284320CE598A}.Debug|Any CPU.ActiveCfg = Debug|Any CPU
		{16B9AC47-9D7D-41D7-9493-284320CE598A}.Debug|Any CPU.Build.0 = Debug|Any CPU
		{16B9AC47-9D7D-41D7-9493-284320CE598A}.Release|Any CPU.ActiveCfg = Release|Any CPU
		{16B9AC47-9D7D-41D7-9493-284320CE598A}.Release|Any CPU.Build.0 = Release|Any CPU
		{14901632-F6E8-4778-B12F-0848CE9E6911}.Debug|Any CPU.ActiveCfg = Debug|Any CPU
		{14901632-F6E8-4778-B12F-0848CE9E6911}.Debug|Any CPU.Build.0 = Debug|Any CPU
		{14901632-F6E8-4778-B12F-0848CE9E6911}.Release|Any CPU.ActiveCfg = Release|Any CPU
		{14901632-F6E8-4778-B12F-0848CE9E6911}.Release|Any CPU.Build.0 = Release|Any CPU
	EndGlobalSection
	GlobalSection(SolutionProperties) = preSolution
		HideSolutionNode = FALSE
	EndGlobalSection
	GlobalSection(ExtensibilityGlobals) = postSolution
		SolutionGuid = {42DF84CE-22D8-410F-9269-33640D12B60A}
	EndGlobalSection
EndGlobal
